<?xml version="1.0" encoding="UTF-8"?>
<Project ToolsVersion="15.0" xmlns="http://schemas.microsoft.com/developer/msbuild/2003">
  <ItemGroup>
    <ClCompile Include="E:\Programming\OpenGL\ComputerGraphics\COMP371_Skeleton_code_CMake-master\main.cpp">
      <Filter>Source Files</Filter>
    </ClCompile>
    <ClCompile Include="E:\Programming\OpenGL\ComputerGraphics\COMP371_Skeleton_code_CMake-master\objloader.cpp">
      <Filter>Source Files</Filter>
    </ClCompile>
  </ItemGroup>
  <ItemGroup>
    <ClInclude Include="E:\Programming\OpenGL\ComputerGraphics\COMP371_Skeleton_code_CMake-master\objloader.hpp">
      <Filter>Header Files</Filter>
    </ClInclude>
  </ItemGroup>
  <ItemGroup>
    <CustomBuild Include="E:\Programming\OpenGL\ComputerGraphics\COMP371_Skeleton_code_CMake-master\CMakeLists.txt" />
  </ItemGroup>
  <ItemGroup>
    <Filter Include="Source Files">
      <UniqueIdentifier>{B4C6FBBA-2F7C-33B1-BDD1-E90635A573CE}</UniqueIdentifier>
    </Filter>
    <Filter Include="Header Files">
      <UniqueIdentifier>{D066D439-549F-32A1-9AE8-1F723A976300}</UniqueIdentifier>
    </Filter>
  </ItemGroup>
</Project>
