Microsoft Visual Studio Solution File, Format Version 12.00
# Visual Studio 15
VisualStudioVersion = 15.0.26730.16
MinimumVisualStudioVersion = 10.0.40219.1
Project("{8BC9CEB8-8B4A-11D0-8D11-00A0C91BC942}") = "Pacman", "Pseudo-PacMan\Pacman.vcxproj", "{D9B3DEE0-195F-4E9D-865C-22A335DC2C2B}"
EndProject
Project("{8BC9CEB8-8B4A-11D0-8D11-00A0C91BC942}") = "Image Height Map", "Image-Height-Map\Image Height Map.vcxproj", "{E926B7EB-8A5C-45D0-8F87-E508E17D317C}"
EndProject
Project("{8BC9CEB8-8B4A-11D0-8D11-00A0C91BC942}") = "Ray Tracing", "Ray-Tracing\Ray Tracing.vcxproj", "{40379611-643A-4409-BAA0-9748DE6AE1D5}"
EndProject
Global
	GlobalSection(SolutionConfigurationPlatforms) = preSolution
		Debug|x64 = Debug|x64
		Debug|x86 = Debug|x86
		Release|x64 = Release|x64
		Release|x86 = Release|x86
	EndGlobalSection
	GlobalSection(ProjectConfigurationPlatforms) = postSolution
		{D9B3DEE0-195F-4E9D-865C-22A335DC2C2B}.Debug|x64.ActiveCfg = Debug|x64
		{D9B3DEE0-195F-4E9D-865C-22A335DC2C2B}.Debug|x64.Build.0 = Debug|x64
		{D9B3DEE0-195F-4E9D-865C-22A335DC2C2B}.Release|x64.ActiveCfg = Release|x64
		{D9B3DEE0-195F-4E9D-865C-22A335DC2C2B}.Release|x64.Build.0 = Release|x64
		{E926B7EB-8A5C-45D0-8F87-E508E17D317C}.Debug|x64.ActiveCfg = Debug|x64
		{E926B7EB-8A5C-45D0-8F87-E508E17D317C}.Debug|x64.Build.0 = Debug|x64
		{E926B7EB-8A5C-45D0-8F87-E508E17D317C}.Release|x64.ActiveCfg = Release|x64
		{E926B7EB-8A5C-45D0-8F87-E508E17D317C}.Release|x64.Build.0 = Release|x64
		{40379611-643A-4409-BAA0-9748DE6AE1D5}.Debug|x64.ActiveCfg = Debug|x64
		{40379611-643A-4409-BAA0-9748DE6AE1D5}.Debug|x64.Build.0 = Debug|x64
		{40379611-643A-4409-BAA0-9748DE6AE1D5}.Release|x64.ActiveCfg = Release|x64
		{40379611-643A-4409-BAA0-9748DE6AE1D5}.Release|x64.Build.0 = Release|x64
	EndGlobalSection
	GlobalSection(SolutionProperties) = preSolution
		HideSolutionNode = FALSE
	EndGlobalSection
	GlobalSection(ExtensibilityGlobals) = postSolution
		SolutionGuid = {ECC81FAE-69C0-357C-8359-D23BFB1C4510}
	EndGlobalSection
EndGlobal
